
Microsoft Visual Studio Solution File, Format Version 12.00
# Visual Studio Version 17
VisualStudioVersion = 17.7.34221.43
MinimumVisualStudioVersion = 10.0.40219.1
Project("{8BC9CEB8-8B4A-11D0-8D11-00A0C91BC942}") = "Reflection", "Reflection\Reflection.vcxproj", "{3F569F91-B437-4AA5-9C9C-DEDBEAEA94CC}"
EndProject
Global
	GlobalSection(SolutionConfigurationPlatforms) = preSolution
		Debug|x64 = Debug|x64
		Debug|x86 = Debug|x86
		Release|x64 = Release|x64
		Release|x86 = Release|x86
	EndGlobalSection
	GlobalSection(ProjectConfigurationPlatforms) = postSolution
		{3F569F91-B437-4AA5-9C9C-DEDBEAEA94CC}.Debug|x64.ActiveCfg = Debug|x64
		{3F569F91-B437-4AA5-9C9C-DEDBEAEA94CC}.Debug|x64.Build.0 = Debug|x64
		{3F569F91-B437-4AA5-9C9C-DEDBEAEA94CC}.Debug|x86.ActiveCfg = Debug|Win32
		{3F569F91-B437-4AA5-9C9C-DEDBEAEA94CC}.Debug|x86.Build.0 = Debug|Win32
		{3F569F91-B437-4AA5-9C9C-DEDBEAEA94CC}.Release|x64.ActiveCfg = Release|x64
		{3F569F91-B437-4AA5-9C9C-DEDBEAEA94CC}.Release|x64.Build.0 = Release|x64
		{3F569F91-B437-4AA5-9C9C-DEDBEAEA94CC}.Release|x86.ActiveCfg = Release|Win32
		{3F569F91-B437-4AA5-9C9C-DEDBEAEA94CC}.Release|x86.Build.0 = Release|Win32
	EndGlobalSection
	GlobalSection(SolutionProperties) = preSolution
		HideSolutionNode = FALSE
	EndGlobalSection
	GlobalSection(ExtensibilityGlobals) = postSolution
		SolutionGuid = {BB332293-7974-4C7E-81A1-641CD71AF3DE}
	EndGlobalSection
EndGlobal
