<?xml version="1.0" encoding="utf-8"?>
<Project ToolsVersion="4.0" xmlns="http://schemas.microsoft.com/developer/msbuild/2003">
  <ItemGroup>
    <ClCompile Include="main.cpp" />
    <ClCompile Include="Types\Game\Entity.cpp">
      <Filter>Compile</Filter>
    </ClCompile>
    <ClCompile Include="Types\Base\Type.cpp">
      <Filter>Compile</Filter>
    </ClCompile>
    <ClCompile Include="Types\Functions\Functions.cpp">
      <Filter>Compile</Filter>
    </ClCompile>
    <ClCompile Include="Types\TypeManager\TypeManager.cpp">
      <Filter>Compile</Filter>
    </ClCompile>
    <ClCompile Include="Types\Property\Property.cpp" />
  </ItemGroup>
  <ItemGroup>
    <ClInclude Include="Types\Game\Entity.h">
      <Filter>Headers</Filter>
    </ClInclude>
    <ClInclude Include="Types\Base\Type.h">
      <Filter>Headers</Filter>
    </ClInclude>
    <ClInclude Include="Types\Functions\Functions.h">
      <Filter>Headers</Filter>
    </ClInclude>
    <ClInclude Include="Types\TypeManager\TypeManager.h">
      <Filter>Headers</Filter>
    </ClInclude>
    <ClInclude Include="Types\Property\Property.h" />
  </ItemGroup>
  <ItemGroup>
    <Filter Include="Compile">
      <UniqueIdentifier>{1125ecf5-e5e8-419f-8d9d-68f7c35eff8e}</UniqueIdentifier>
    </Filter>
    <Filter Include="Headers">
      <UniqueIdentifier>{50a6de10-d395-4144-aeca-e551a96d6f94}</UniqueIdentifier>
    </Filter>
  </ItemGroup>
</Project>